
Microsoft Visual Studio Solution File, Format Version 12.00
# Visual Studio 15
VisualStudioVersion = 15.0.27428.2015
MinimumVisualStudioVersion = 10.0.40219.1
Project("{FAE04EC0-301F-11D3-BF4B-00C04F79EFBC}") = "MvcMovie", "MvcMovie\MvcMovie.csproj", "{C40C8E8A-6096-43FF-B8C2-91A28B2F659C}"
EndProject
Global
	GlobalSection(SolutionConfigurationPlatforms) = preSolution
		Debug|Any CPU = Debug|Any CPU
		Release|Any CPU = Release|Any CPU
	EndGlobalSection
	GlobalSection(ProjectConfigurationPlatforms) = postSolution
		{C40C8E8A-6096-43FF-B8C2-91A28B2F659C}.Debug|Any CPU.ActiveCfg = Debug|Any CPU
		{C40C8E8A-6096-43FF-B8C2-91A28B2F659C}.Debug|Any CPU.Build.0 = Debug|Any CPU
		{C40C8E8A-6096-43FF-B8C2-91A28B2F659C}.Release|Any CPU.ActiveCfg = Release|Any CPU
		{C40C8E8A-6096-43FF-B8C2-91A28B2F659C}.Release|Any CPU.Build.0 = Release|Any CPU
	EndGlobalSection
	GlobalSection(SolutionProperties) = preSolution
		HideSolutionNode = FALSE
	EndGlobalSection
	GlobalSection(ExtensibilityGlobals) = postSolution
		SolutionGuid = {A39CC2F1-BB2B-4E80-9CEA-B95247B5339D}
	EndGlobalSection
EndGlobal
